
Microsoft Visual Studio Solution File, Format Version 12.00
# Visual Studio Version 16
VisualStudioVersion = 16.0.32630.194
MinimumVisualStudioVersion = 10.0.40219.1
Project("{9A19103F-16F7-4668-BE54-9A1E7A4F7556}") = "TransacaoFinanceira", "TransacaoFinanceira.csproj", "{45C484AD-B547-411F-A6B2-0FEB9D4EAEF6}"
EndProject
Project("{FAE04EC0-301F-11D3-BF4B-00C04F79EFBC}") = "TransacaoFinanceira.Tests", "..\TransacaoFinanceira.Tests\TransacaoFinanceira.Tests.csproj", "{04CD2ED8-C593-4F51-A160-CFAC02A0D200}"
EndProject
Project("{FAE04EC0-301F-11D3-BF4B-00C04F79EFBC}") = "TransacaoFinanceira.Api", "..\TransacaoFinanceira.Api\TransacaoFinanceira.Api.csproj", "{32A1B4D5-551A-46A4-950F-A5D1617A2DD8}"
EndProject
Global
	GlobalSection(SolutionConfigurationPlatforms) = preSolution
		Debug|Any CPU = Debug|Any CPU
		Release|Any CPU = Release|Any CPU
	EndGlobalSection
	GlobalSection(ProjectConfigurationPlatforms) = postSolution
		{45C484AD-B547-411F-A6B2-0FEB9D4EAEF6}.Debug|Any CPU.ActiveCfg = Debug|Any CPU
		{45C484AD-B547-411F-A6B2-0FEB9D4EAEF6}.Debug|Any CPU.Build.0 = Debug|Any CPU
		{45C484AD-B547-411F-A6B2-0FEB9D4EAEF6}.Release|Any CPU.ActiveCfg = Release|Any CPU
		{45C484AD-B547-411F-A6B2-0FEB9D4EAEF6}.Release|Any CPU.Build.0 = Release|Any CPU
		{04CD2ED8-C593-4F51-A160-CFAC02A0D200}.Debug|Any CPU.ActiveCfg = Debug|Any CPU
		{04CD2ED8-C593-4F51-A160-CFAC02A0D200}.Debug|Any CPU.Build.0 = Debug|Any CPU
		{04CD2ED8-C593-4F51-A160-CFAC02A0D200}.Release|Any CPU.ActiveCfg = Release|Any CPU
		{04CD2ED8-C593-4F51-A160-CFAC02A0D200}.Release|Any CPU.Build.0 = Release|Any CPU
		{32A1B4D5-551A-46A4-950F-A5D1617A2DD8}.Debug|Any CPU.ActiveCfg = Debug|Any CPU
		{32A1B4D5-551A-46A4-950F-A5D1617A2DD8}.Debug|Any CPU.Build.0 = Debug|Any CPU
		{32A1B4D5-551A-46A4-950F-A5D1617A2DD8}.Release|Any CPU.ActiveCfg = Release|Any CPU
		{32A1B4D5-551A-46A4-950F-A5D1617A2DD8}.Release|Any CPU.Build.0 = Release|Any CPU
	EndGlobalSection
	GlobalSection(SolutionProperties) = preSolution
		HideSolutionNode = FALSE
	EndGlobalSection
	GlobalSection(ExtensibilityGlobals) = postSolution
		SolutionGuid = {0B421446-F977-46EF-AA82-BFA3113CBEF2}
	EndGlobalSection
EndGlobal
